// !$*UTF8*$!
{
	archiveVersion = 1;
	classes = {
	};
	objectVersion = 56;
	objects = {

/* Begin PBXBuildFile section */
		A6839CB62BCC1ED00027E40F /* StatsTableViewCell.swift in Sources */ = {isa = PBXBuildFile; fileRef = A6839CB52BCC1ED00027E40F /* StatsTableViewCell.swift */; };
		A6839CBA2BCC2F990027E40F /* TypeCollectionViewCell.swift in Sources */ = {isa = PBXBuildFile; fileRef = A6839CB92BCC2F990027E40F /* TypeCollectionViewCell.swift */; };
		A6C9D3D52BCAD81B0047DFE3 /* AppDelegate.swift in Sources */ = {isa = PBXBuildFile; fileRef = A6C9D3D42BCAD81B0047DFE3 /* AppDelegate.swift */; };
		A6C9D3D72BCAD81B0047DFE3 /* SceneDelegate.swift in Sources */ = {isa = PBXBuildFile; fileRef = A6C9D3D62BCAD81B0047DFE3 /* SceneDelegate.swift */; };
		A6C9D3DC2BCAD81B0047DFE3 /* Base in Resources */ = {isa = PBXBuildFile; fileRef = A6C9D3DB2BCAD81B0047DFE3 /* Base */; };
		A6C9D3DE2BCAD81C0047DFE3 /* Assets.xcassets in Resources */ = {isa = PBXBuildFile; fileRef = A6C9D3DD2BCAD81C0047DFE3 /* Assets.xcassets */; };
		A6C9D3E12BCAD81C0047DFE3 /* Base in Resources */ = {isa = PBXBuildFile; fileRef = A6C9D3E02BCAD81C0047DFE3 /* Base */; };
		A6C9D3EC2BCAD81C0047DFE3 /* PokemonTests.swift in Sources */ = {isa = PBXBuildFile; fileRef = A6C9D3EB2BCAD81C0047DFE3 /* PokemonTests.swift */; };
		A6C9D3F62BCAD81C0047DFE3 /* PokemonUITests.swift in Sources */ = {isa = PBXBuildFile; fileRef = A6C9D3F52BCAD81C0047DFE3 /* PokemonUITests.swift */; };
		A6C9D3F82BCAD81C0047DFE3 /* PokemonUITestsLaunchTests.swift in Sources */ = {isa = PBXBuildFile; fileRef = A6C9D3F72BCAD81C0047DFE3 /* PokemonUITestsLaunchTests.swift */; };
		A6C9D4052BCAF7FE0047DFE3 /* PokemonListViewController.swift in Sources */ = {isa = PBXBuildFile; fileRef = A6C9D4042BCAF7FE0047DFE3 /* PokemonListViewController.swift */; };
		A6C9D4082BCB0B8B0047DFE3 /* PokemonListViewModel.swift in Sources */ = {isa = PBXBuildFile; fileRef = A6C9D4072BCB0B8B0047DFE3 /* PokemonListViewModel.swift */; };
		A6C9D40A2BCB0BA20047DFE3 /* PokemonModel.swift in Sources */ = {isa = PBXBuildFile; fileRef = A6C9D4092BCB0BA20047DFE3 /* PokemonModel.swift */; };
		A6C9D40C2BCB11500047DFE3 /* PokemonListViewCell.swift in Sources */ = {isa = PBXBuildFile; fileRef = A6C9D40B2BCB11500047DFE3 /* PokemonListViewCell.swift */; };
		A6C9D40E2BCB311B0047DFE3 /* CustomImageView.swift in Sources */ = {isa = PBXBuildFile; fileRef = A6C9D40D2BCB311B0047DFE3 /* CustomImageView.swift */; };
		A6C9D4102BCB451D0047DFE3 /* PokemonListModel.swift in Sources */ = {isa = PBXBuildFile; fileRef = A6C9D40F2BCB451D0047DFE3 /* PokemonListModel.swift */; };
		A6C9D4122BCB58770047DFE3 /* NetworkManager.swift in Sources */ = {isa = PBXBuildFile; fileRef = A6C9D4112BCB58770047DFE3 /* NetworkManager.swift */; };
		A6C9D4142BCB58C10047DFE3 /* PokemonAPI.swift in Sources */ = {isa = PBXBuildFile; fileRef = A6C9D4132BCB58C10047DFE3 /* PokemonAPI.swift */; };
		A6C9D4162BCBC54C0047DFE3 /* PokemonListCellViewModel.swift in Sources */ = {isa = PBXBuildFile; fileRef = A6C9D4152BCBC54C0047DFE3 /* PokemonListCellViewModel.swift */; };
		A6C9D41F2BCBFE800047DFE3 /* PokemonDetailsViewController.swift in Sources */ = {isa = PBXBuildFile; fileRef = A6C9D41E2BCBFE800047DFE3 /* PokemonDetailsViewController.swift */; };
		A6C9D4212BCBFE920047DFE3 /* PokemonDetailsViewModel.swift in Sources */ = {isa = PBXBuildFile; fileRef = A6C9D4202BCBFE920047DFE3 /* PokemonDetailsViewModel.swift */; };
		A6C9D4232BCC017E0047DFE3 /* StatsViewModel.swift in Sources */ = {isa = PBXBuildFile; fileRef = A6C9D4222BCC017E0047DFE3 /* StatsViewModel.swift */; };
/* End PBXBuildFile section */

/* Begin PBXContainerItemProxy section */
		A6C9D3E82BCAD81C0047DFE3 /* PBXContainerItemProxy */ = {
			isa = PBXContainerItemProxy;
			containerPortal = A6C9D3C92BCAD81B0047DFE3 /* Project object */;
			proxyType = 1;
			remoteGlobalIDString = A6C9D3D02BCAD81B0047DFE3;
			remoteInfo = Pokemon;
		};
		A6C9D3F22BCAD81C0047DFE3 /* PBXContainerItemProxy */ = {
			isa = PBXContainerItemProxy;
			containerPortal = A6C9D3C92BCAD81B0047DFE3 /* Project object */;
			proxyType = 1;
			remoteGlobalIDString = A6C9D3D02BCAD81B0047DFE3;
			remoteInfo = Pokemon;
		};
/* End PBXContainerItemProxy section */

/* Begin PBXFileReference section */
		A6839CB52BCC1ED00027E40F /* StatsTableViewCell.swift */ = {isa = PBXFileReference; lastKnownFileType = sourcecode.swift; path = StatsTableViewCell.swift; sourceTree = "<group>"; };
		A6839CB92BCC2F990027E40F /* TypeCollectionViewCell.swift */ = {isa = PBXFileReference; lastKnownFileType = sourcecode.swift; path = TypeCollectionViewCell.swift; sourceTree = "<group>"; };
		A6C9D3D12BCAD81B0047DFE3 /* Pokemon.app */ = {isa = PBXFileReference; explicitFileType = wrapper.application; includeInIndex = 0; path = Pokemon.app; sourceTree = BUILT_PRODUCTS_DIR; };
		A6C9D3D42BCAD81B0047DFE3 /* AppDelegate.swift */ = {isa = PBXFileReference; lastKnownFileType = sourcecode.swift; path = AppDelegate.swift; sourceTree = "<group>"; };
		A6C9D3D62BCAD81B0047DFE3 /* SceneDelegate.swift */ = {isa = PBXFileReference; lastKnownFileType = sourcecode.swift; path = SceneDelegate.swift; sourceTree = "<group>"; };
		A6C9D3DB2BCAD81B0047DFE3 /* Base */ = {isa = PBXFileReference; lastKnownFileType = file.storyboard; name = Base; path = Base.lproj/Main.storyboard; sourceTree = "<group>"; };
		A6C9D3DD2BCAD81C0047DFE3 /* Assets.xcassets */ = {isa = PBXFileReference; lastKnownFileType = folder.assetcatalog; path = Assets.xcassets; sourceTree = "<group>"; };
		A6C9D3E02BCAD81C0047DFE3 /* Base */ = {isa = PBXFileReference; lastKnownFileType = file.storyboard; name = Base; path = Base.lproj/LaunchScreen.storyboard; sourceTree = "<group>"; };
		A6C9D3E22BCAD81C0047DFE3 /* Info.plist */ = {isa = PBXFileReference; lastKnownFileType = text.plist.xml; path = Info.plist; sourceTree = "<group>"; };
		A6C9D3E72BCAD81C0047DFE3 /* PokemonTests.xctest */ = {isa = PBXFileReference; explicitFileType = wrapper.cfbundle; includeInIndex = 0; path = PokemonTests.xctest; sourceTree = BUILT_PRODUCTS_DIR; };
		A6C9D3EB2BCAD81C0047DFE3 /* PokemonTests.swift */ = {isa = PBXFileReference; lastKnownFileType = sourcecode.swift; path = PokemonTests.swift; sourceTree = "<group>"; };
		A6C9D3F12BCAD81C0047DFE3 /* PokemonUITests.xctest */ = {isa = PBXFileReference; explicitFileType = wrapper.cfbundle; includeInIndex = 0; path = PokemonUITests.xctest; sourceTree = BUILT_PRODUCTS_DIR; };
		A6C9D3F52BCAD81C0047DFE3 /* PokemonUITests.swift */ = {isa = PBXFileReference; lastKnownFileType = sourcecode.swift; path = PokemonUITests.swift; sourceTree = "<group>"; };
		A6C9D3F72BCAD81C0047DFE3 /* PokemonUITestsLaunchTests.swift */ = {isa = PBXFileReference; lastKnownFileType = sourcecode.swift; path = PokemonUITestsLaunchTests.swift; sourceTree = "<group>"; };
		A6C9D4042BCAF7FE0047DFE3 /* PokemonListViewController.swift */ = {isa = PBXFileReference; lastKnownFileType = sourcecode.swift; path = PokemonListViewController.swift; sourceTree = "<group>"; };
		A6C9D4072BCB0B8B0047DFE3 /* PokemonListViewModel.swift */ = {isa = PBXFileReference; lastKnownFileType = sourcecode.swift; path = PokemonListViewModel.swift; sourceTree = "<group>"; };
		A6C9D4092BCB0BA20047DFE3 /* PokemonModel.swift */ = {isa = PBXFileReference; lastKnownFileType = sourcecode.swift; path = PokemonModel.swift; sourceTree = "<group>"; };
		A6C9D40B2BCB11500047DFE3 /* PokemonListViewCell.swift */ = {isa = PBXFileReference; lastKnownFileType = sourcecode.swift; path = PokemonListViewCell.swift; sourceTree = "<group>"; };
		A6C9D40D2BCB311B0047DFE3 /* CustomImageView.swift */ = {isa = PBXFileReference; lastKnownFileType = sourcecode.swift; path = CustomImageView.swift; sourceTree = "<group>"; };
		A6C9D40F2BCB451D0047DFE3 /* PokemonListModel.swift */ = {isa = PBXFileReference; lastKnownFileType = sourcecode.swift; path = PokemonListModel.swift; sourceTree = "<group>"; };
		A6C9D4112BCB58770047DFE3 /* NetworkManager.swift */ = {isa = PBXFileReference; lastKnownFileType = sourcecode.swift; path = NetworkManager.swift; sourceTree = "<group>"; };
		A6C9D4132BCB58C10047DFE3 /* PokemonAPI.swift */ = {isa = PBXFileReference; lastKnownFileType = sourcecode.swift; path = PokemonAPI.swift; sourceTree = "<group>"; };
		A6C9D4152BCBC54C0047DFE3 /* PokemonListCellViewModel.swift */ = {isa = PBXFileReference; lastKnownFileType = sourcecode.swift; path = PokemonListCellViewModel.swift; sourceTree = "<group>"; };
		A6C9D41E2BCBFE800047DFE3 /* PokemonDetailsViewController.swift */ = {isa = PBXFileReference; lastKnownFileType = sourcecode.swift; path = PokemonDetailsViewController.swift; sourceTree = "<group>"; };
		A6C9D4202BCBFE920047DFE3 /* PokemonDetailsViewModel.swift */ = {isa = PBXFileReference; lastKnownFileType = sourcecode.swift; path = PokemonDetailsViewModel.swift; sourceTree = "<group>"; };
		A6C9D4222BCC017E0047DFE3 /* StatsViewModel.swift */ = {isa = PBXFileReference; lastKnownFileType = sourcecode.swift; path = StatsViewModel.swift; sourceTree = "<group>"; };
/* End PBXFileReference section */

/* Begin PBXFrameworksBuildPhase section */
		A6C9D3CE2BCAD81B0047DFE3 /* Frameworks */ = {
			isa = PBXFrameworksBuildPhase;
			buildActionMask = 2147483647;
			files = (
			);
			runOnlyForDeploymentPostprocessing = 0;
		};
		A6C9D3E42BCAD81C0047DFE3 /* Frameworks */ = {
			isa = PBXFrameworksBuildPhase;
			buildActionMask = 2147483647;
			files = (
			);
			runOnlyForDeploymentPostprocessing = 0;
		};
		A6C9D3EE2BCAD81C0047DFE3 /* Frameworks */ = {
			isa = PBXFrameworksBuildPhase;
			buildActionMask = 2147483647;
			files = (
			);
			runOnlyForDeploymentPostprocessing = 0;
		};
/* End PBXFrameworksBuildPhase section */

/* Begin PBXGroup section */
		A6839CBB2BCDB4030027E40F /* view */ = {
			isa = PBXGroup;
			children = (
				A6839CB92BCC2F990027E40F /* TypeCollectionViewCell.swift */,
				A6839CB52BCC1ED00027E40F /* StatsTableViewCell.swift */,
				A6C9D41E2BCBFE800047DFE3 /* PokemonDetailsViewController.swift */,
			);
			path = view;
			sourceTree = "<group>";
		};
		A6839CBC2BCDB4200027E40F /* ViewModel */ = {
			isa = PBXGroup;
			children = (
				A6C9D4202BCBFE920047DFE3 /* PokemonDetailsViewModel.swift */,
				A6C9D4222BCC017E0047DFE3 /* StatsViewModel.swift */,
			);
			path = ViewModel;
			sourceTree = "<group>";
		};
		A6C9D3C82BCAD81B0047DFE3 = {
			isa = PBXGroup;
			children = (
				A6C9D3D32BCAD81B0047DFE3 /* Pokemon */,
				A6C9D3EA2BCAD81C0047DFE3 /* PokemonTests */,
				A6C9D3F42BCAD81C0047DFE3 /* PokemonUITests */,
				A6C9D3D22BCAD81B0047DFE3 /* Products */,
			);
			sourceTree = "<group>";
		};
		A6C9D3D22BCAD81B0047DFE3 /* Products */ = {
			isa = PBXGroup;
			children = (
				A6C9D3D12BCAD81B0047DFE3 /* Pokemon.app */,
				A6C9D3E72BCAD81C0047DFE3 /* PokemonTests.xctest */,
				A6C9D3F12BCAD81C0047DFE3 /* PokemonUITests.xctest */,
			);
			name = Products;
			sourceTree = "<group>";
		};
		A6C9D3D32BCAD81B0047DFE3 /* Pokemon */ = {
			isa = PBXGroup;
			children = (
				A6C9D3D42BCAD81B0047DFE3 /* AppDelegate.swift */,
				A6C9D4112BCB58770047DFE3 /* NetworkManager.swift */,
				A6C9D4132BCB58C10047DFE3 /* PokemonAPI.swift */,
				A6C9D3D62BCAD81B0047DFE3 /* SceneDelegate.swift */,
				A6C9D41D2BCBFE470047DFE3 /* PokemonDetails */,
				A6C9D4062BCB0B3F0047DFE3 /* PokemonList */,
				A6C9D3DA2BCAD81B0047DFE3 /* Main.storyboard */,
				A6C9D3DD2BCAD81C0047DFE3 /* Assets.xcassets */,
				A6C9D3DF2BCAD81C0047DFE3 /* LaunchScreen.storyboard */,
				A6C9D3E22BCAD81C0047DFE3 /* Info.plist */,
			);
			path = Pokemon;
			sourceTree = "<group>";
		};
		A6C9D3EA2BCAD81C0047DFE3 /* PokemonTests */ = {
			isa = PBXGroup;
			children = (
				A6C9D3EB2BCAD81C0047DFE3 /* PokemonTests.swift */,
			);
			path = PokemonTests;
			sourceTree = "<group>";
		};
		A6C9D3F42BCAD81C0047DFE3 /* PokemonUITests */ = {
			isa = PBXGroup;
			children = (
				A6C9D3F52BCAD81C0047DFE3 /* PokemonUITests.swift */,
				A6C9D3F72BCAD81C0047DFE3 /* PokemonUITestsLaunchTests.swift */,
			);
			path = PokemonUITests;
			sourceTree = "<group>";
		};
		A6C9D4062BCB0B3F0047DFE3 /* PokemonList */ = {
			isa = PBXGroup;
			children = (
				A6C9D41B2BCBF6A90047DFE3 /* Model */,
				A6C9D41A2BCBF68F0047DFE3 /* ViewModel */,
				A6C9D4192BCBF6640047DFE3 /* View */,
			);
			path = PokemonList;
			sourceTree = "<group>";
		};
		A6C9D4192BCBF6640047DFE3 /* View */ = {
			isa = PBXGroup;
			children = (
				A6C9D40D2BCB311B0047DFE3 /* CustomImageView.swift */,
				A6C9D40B2BCB11500047DFE3 /* PokemonListViewCell.swift */,
				A6C9D4042BCAF7FE0047DFE3 /* PokemonListViewController.swift */,
			);
			path = View;
			sourceTree = "<group>";
		};
		A6C9D41A2BCBF68F0047DFE3 /* ViewModel */ = {
			isa = PBXGroup;
			children = (
				A6C9D4072BCB0B8B0047DFE3 /* PokemonListViewModel.swift */,
				A6C9D4152BCBC54C0047DFE3 /* PokemonListCellViewModel.swift */,
			);
			path = ViewModel;
			sourceTree = "<group>";
		};
		A6C9D41B2BCBF6A90047DFE3 /* Model */ = {
			isa = PBXGroup;
			children = (
				A6C9D4092BCB0BA20047DFE3 /* PokemonModel.swift */,
				A6C9D40F2BCB451D0047DFE3 /* PokemonListModel.swift */,
			);
			path = Model;
			sourceTree = "<group>";
		};
		A6C9D41D2BCBFE470047DFE3 /* PokemonDetails */ = {
			isa = PBXGroup;
			children = (
				A6839CBC2BCDB4200027E40F /* ViewModel */,
				A6839CBB2BCDB4030027E40F /* view */,
			);
			path = PokemonDetails;
			sourceTree = "<group>";
		};
/* End PBXGroup section */

/* Begin PBXNativeTarget section */
		A6C9D3D02BCAD81B0047DFE3 /* Pokemon */ = {
			isa = PBXNativeTarget;
			buildConfigurationList = A6C9D3FB2BCAD81C0047DFE3 /* Build configuration list for PBXNativeTarget "Pokemon" */;
			buildPhases = (
				A6C9D3CD2BCAD81B0047DFE3 /* Sources */,
				A6C9D3CE2BCAD81B0047DFE3 /* Frameworks */,
				A6C9D3CF2BCAD81B0047DFE3 /* Resources */,
			);
			buildRules = (
			);
			dependencies = (
			);
			name = Pokemon;
			productName = Pokemon;
			productReference = A6C9D3D12BCAD81B0047DFE3 /* Pokemon.app */;
			productType = "com.apple.product-type.application";
		};
		A6C9D3E62BCAD81C0047DFE3 /* PokemonTests */ = {
			isa = PBXNativeTarget;
			buildConfigurationList = A6C9D3FE2BCAD81C0047DFE3 /* Build configuration list for PBXNativeTarget "PokemonTests" */;
			buildPhases = (
				A6C9D3E32BCAD81C0047DFE3 /* Sources */,
				A6C9D3E42BCAD81C0047DFE3 /* Frameworks */,
				A6C9D3E52BCAD81C0047DFE3 /* Resources */,
			);
			buildRules = (
			);
			dependencies = (
				A6C9D3E92BCAD81C0047DFE3 /* PBXTargetDependency */,
			);
			name = PokemonTests;
			productName = PokemonTests;
			productReference = A6C9D3E72BCAD81C0047DFE3 /* PokemonTests.xctest */;
			productType = "com.apple.product-type.bundle.unit-test";
		};
		A6C9D3F02BCAD81C0047DFE3 /* PokemonUITests */ = {
			isa = PBXNativeTarget;
			buildConfigurationList = A6C9D4012BCAD81C0047DFE3 /* Build configuration list for PBXNativeTarget "PokemonUITests" */;
			buildPhases = (
				A6C9D3ED2BCAD81C0047DFE3 /* Sources */,
				A6C9D3EE2BCAD81C0047DFE3 /* Frameworks */,
				A6C9D3EF2BCAD81C0047DFE3 /* Resources */,
			);
			buildRules = (
			);
			dependencies = (
				A6C9D3F32BCAD81C0047DFE3 /* PBXTargetDependency */,
			);
			name = PokemonUITests;
			productName = PokemonUITests;
			productReference = A6C9D3F12BCAD81C0047DFE3 /* PokemonUITests.xctest */;
			productType = "com.apple.product-type.bundle.ui-testing";
		};
/* End PBXNativeTarget section */

/* Begin PBXProject section */
		A6C9D3C92BCAD81B0047DFE3 /* Project object */ = {
			isa = PBXProject;
			attributes = {
				BuildIndependentTargetsInParallel = 1;
				LastSwiftUpdateCheck = 1530;
				LastUpgradeCheck = 1530;
				TargetAttributes = {
					A6C9D3D02BCAD81B0047DFE3 = {
						CreatedOnToolsVersion = 15.3;
					};
					A6C9D3E62BCAD81C0047DFE3 = {
						CreatedOnToolsVersion = 15.3;
						TestTargetID = A6C9D3D02BCAD81B0047DFE3;
					};
					A6C9D3F02BCAD81C0047DFE3 = {
						CreatedOnToolsVersion = 15.3;
						TestTargetID = A6C9D3D02BCAD81B0047DFE3;
					};
				};
			};
			buildConfigurationList = A6C9D3CC2BCAD81B0047DFE3 /* Build configuration list for PBXProject "Pokemon" */;
			compatibilityVersion = "Xcode 14.0";
			developmentRegion = en;
			hasScannedForEncodings = 0;
			knownRegions = (
				en,
				Base,
			);
			mainGroup = A6C9D3C82BCAD81B0047DFE3;
			productRefGroup = A6C9D3D22BCAD81B0047DFE3 /* Products */;
			projectDirPath = "";
			projectRoot = "";
			targets = (
				A6C9D3D02BCAD81B0047DFE3 /* Pokemon */,
				A6C9D3E62BCAD81C0047DFE3 /* PokemonTests */,
				A6C9D3F02BCAD81C0047DFE3 /* PokemonUITests */,
			);
		};
/* End PBXProject section */

/* Begin PBXResourcesBuildPhase section */
		A6C9D3CF2BCAD81B0047DFE3 /* Resources */ = {
			isa = PBXResourcesBuildPhase;
			buildActionMask = 2147483647;
			files = (
				A6C9D3DE2BCAD81C0047DFE3 /* Assets.xcassets in Resources */,
				A6C9D3E12BCAD81C0047DFE3 /* Base in Resources */,
				A6C9D3DC2BCAD81B0047DFE3 /* Base in Resources */,
			);
			runOnlyForDeploymentPostprocessing = 0;
		};
		A6C9D3E52BCAD81C0047DFE3 /* Resources */ = {
			isa = PBXResourcesBuildPhase;
			buildActionMask = 2147483647;
			files = (
			);
			runOnlyForDeploymentPostprocessing = 0;
		};
		A6C9D3EF2BCAD81C0047DFE3 /* Resources */ = {
			isa = PBXResourcesBuildPhase;
			buildActionMask = 2147483647;
			files = (
			);
			runOnlyForDeploymentPostprocessing = 0;
		};
/* End PBXResourcesBuildPhase section */

/* Begin PBXSourcesBuildPhase section */
		A6C9D3CD2BCAD81B0047DFE3 /* Sources */ = {
			isa = PBXSourcesBuildPhase;
			buildActionMask = 2147483647;
			files = (
				A6C9D4122BCB58770047DFE3 /* NetworkManager.swift in Sources */,
				A6C9D3D52BCAD81B0047DFE3 /* AppDelegate.swift in Sources */,
				A6C9D4052BCAF7FE0047DFE3 /* PokemonListViewController.swift in Sources */,
				A6C9D41F2BCBFE800047DFE3 /* PokemonDetailsViewController.swift in Sources */,
				A6C9D4082BCB0B8B0047DFE3 /* PokemonListViewModel.swift in Sources */,
				A6839CB62BCC1ED00027E40F /* StatsTableViewCell.swift in Sources */,
				A6C9D40E2BCB311B0047DFE3 /* CustomImageView.swift in Sources */,
				A6C9D40A2BCB0BA20047DFE3 /* PokemonModel.swift in Sources */,
				A6C9D40C2BCB11500047DFE3 /* PokemonListViewCell.swift in Sources */,
				A6C9D4212BCBFE920047DFE3 /* PokemonDetailsViewModel.swift in Sources */,
				A6839CBA2BCC2F990027E40F /* TypeCollectionViewCell.swift in Sources */,
				A6C9D4232BCC017E0047DFE3 /* StatsViewModel.swift in Sources */,
				A6C9D3D72BCAD81B0047DFE3 /* SceneDelegate.swift in Sources */,
				A6C9D4162BCBC54C0047DFE3 /* PokemonListCellViewModel.swift in Sources */,
				A6C9D4142BCB58C10047DFE3 /* PokemonAPI.swift in Sources */,
				A6C9D4102BCB451D0047DFE3 /* PokemonListModel.swift in Sources */,
			);
			runOnlyForDeploymentPostprocessing = 0;
		};
		A6C9D3E32BCAD81C0047DFE3 /* Sources */ = {
			isa = PBXSourcesBuildPhase;
			buildActionMask = 2147483647;
			files = (
				A6C9D3EC2BCAD81C0047DFE3 /* PokemonTests.swift in Sources */,
			);
			runOnlyForDeploymentPostprocessing = 0;
		};
		A6C9D3ED2BCAD81C0047DFE3 /* Sources */ = {
			isa = PBXSourcesBuildPhase;
			buildActionMask = 2147483647;
			files = (
				A6C9D3F82BCAD81C0047DFE3 /* PokemonUITestsLaunchTests.swift in Sources */,
				A6C9D3F62BCAD81C0047DFE3 /* PokemonUITests.swift in Sources */,
			);
			runOnlyForDeploymentPostprocessing = 0;
		};
/* End PBXSourcesBuildPhase section */

/* Begin PBXTargetDependency section */
		A6C9D3E92BCAD81C0047DFE3 /* PBXTargetDependency */ = {
			isa = PBXTargetDependency;
			target = A6C9D3D02BCAD81B0047DFE3 /* Pokemon */;
			targetProxy = A6C9D3E82BCAD81C0047DFE3 /* PBXContainerItemProxy */;
		};
		A6C9D3F32BCAD81C0047DFE3 /* PBXTargetDependency */ = {
			isa = PBXTargetDependency;
			target = A6C9D3D02BCAD81B0047DFE3 /* Pokemon */;
			targetProxy = A6C9D3F22BCAD81C0047DFE3 /* PBXContainerItemProxy */;
		};
/* End PBXTargetDependency section */

/* Begin PBXVariantGroup section */
		A6C9D3DA2BCAD81B0047DFE3 /* Main.storyboard */ = {
			isa = PBXVariantGroup;
			children = (
				A6C9D3DB2BCAD81B0047DFE3 /* Base */,
			);
			name = Main.storyboard;
			sourceTree = "<group>";
		};
		A6C9D3DF2BCAD81C0047DFE3 /* LaunchScreen.storyboard */ = {
			isa = PBXVariantGroup;
			children = (
				A6C9D3E02BCAD81C0047DFE3 /* Base */,
			);
			name = LaunchScreen.storyboard;
			sourceTree = "<group>";
		};
/* End PBXVariantGroup section */

/* Begin XCBuildConfiguration section */
		A6C9D3F92BCAD81C0047DFE3 /* Debug */ = {
			isa = XCBuildConfiguration;
			buildSettings = {
				ALWAYS_SEARCH_USER_PATHS = NO;
				ASSETCATALOG_COMPILER_GENERATE_SWIFT_ASSET_SYMBOL_EXTENSIONS = YES;
				CLANG_ANALYZER_NONNULL = YES;
				CLANG_ANALYZER_NUMBER_OBJECT_CONVERSION = YES_AGGRESSIVE;
				CLANG_CXX_LANGUAGE_STANDARD = "gnu++20";
				CLANG_ENABLE_MODULES = YES;
				CLANG_ENABLE_OBJC_ARC = YES;
				CLANG_ENABLE_OBJC_WEAK = YES;
				CLANG_WARN_BLOCK_CAPTURE_AUTORELEASING = YES;
				CLANG_WARN_BOOL_CONVERSION = YES;
				CLANG_WARN_COMMA = YES;
				CLANG_WARN_CONSTANT_CONVERSION = YES;
				CLANG_WARN_DEPRECATED_OBJC_IMPLEMENTATIONS = YES;
				CLANG_WARN_DIRECT_OBJC_ISA_USAGE = YES_ERROR;
				CLANG_WARN_DOCUMENTATION_COMMENTS = YES;
				CLANG_WARN_EMPTY_BODY = YES;
				CLANG_WARN_ENUM_CONVERSION = YES;
				CLANG_WARN_INFINITE_RECURSION = YES;
				CLANG_WARN_INT_CONVERSION = YES;
				CLANG_WARN_NON_LITERAL_NULL_CONVERSION = YES;
				CLANG_WARN_OBJC_IMPLICIT_RETAIN_SELF = YES;
				CLANG_WARN_OBJC_LITERAL_CONVERSION = YES;
				CLANG_WARN_OBJC_ROOT_CLASS = YES_ERROR;
				CLANG_WARN_QUOTED_INCLUDE_IN_FRAMEWORK_HEADER = YES;
				CLANG_WARN_RANGE_LOOP_ANALYSIS = YES;
				CLANG_WARN_STRICT_PROTOTYPES = YES;
				CLANG_WARN_SUSPICIOUS_MOVE = YES;
				CLANG_WARN_UNGUARDED_AVAILABILITY = YES_AGGRESSIVE;
				CLANG_WARN_UNREACHABLE_CODE = YES;
				CLANG_WARN__DUPLICATE_METHOD_MATCH = YES;
				COPY_PHASE_STRIP = NO;
				DEBUG_INFORMATION_FORMAT = dwarf;
				ENABLE_STRICT_OBJC_MSGSEND = YES;
				ENABLE_TESTABILITY = YES;
				ENABLE_USER_SCRIPT_SANDBOXING = YES;
				GCC_C_LANGUAGE_STANDARD = gnu17;
				GCC_DYNAMIC_NO_PIC = NO;
				GCC_NO_COMMON_BLOCKS = YES;
				GCC_OPTIMIZATION_LEVEL = 0;
				GCC_PREPROCESSOR_DEFINITIONS = (
					"DEBUG=1",
					"$(inherited)",
				);
				GCC_WARN_64_TO_32_BIT_CONVERSION = YES;
				GCC_WARN_ABOUT_RETURN_TYPE = YES_ERROR;
				GCC_WARN_UNDECLARED_SELECTOR = YES;
				GCC_WARN_UNINITIALIZED_AUTOS = YES_AGGRESSIVE;
				GCC_WARN_UNUSED_FUNCTION = YES;
				GCC_WARN_UNUSED_VARIABLE = YES;
				IPHONEOS_DEPLOYMENT_TARGET = 17.4;
				LOCALIZATION_PREFERS_STRING_CATALOGS = YES;
				MTL_ENABLE_DEBUG_INFO = INCLUDE_SOURCE;
				MTL_FAST_MATH = YES;
				ONLY_ACTIVE_ARCH = YES;
				SDKROOT = iphoneos;
				SWIFT_ACTIVE_COMPILATION_CONDITIONS = "DEBUG $(inherited)";
				SWIFT_OPTIMIZATION_LEVEL = "-Onone";
			};
			name = Debug;
		};
		A6C9D3FA2BCAD81C0047DFE3 /* Release */ = {
			isa = XCBuildConfiguration;
			buildSettings = {
				ALWAYS_SEARCH_USER_PATHS = NO;
				ASSETCATALOG_COMPILER_GENERATE_SWIFT_ASSET_SYMBOL_EXTENSIONS = YES;
				CLANG_ANALYZER_NONNULL = YES;
				CLANG_ANALYZER_NUMBER_OBJECT_CONVERSION = YES_AGGRESSIVE;
				CLANG_CXX_LANGUAGE_STANDARD = "gnu++20";
				CLANG_ENABLE_MODULES = YES;
				CLANG_ENABLE_OBJC_ARC = YES;
				CLANG_ENABLE_OBJC_WEAK = YES;
				CLANG_WARN_BLOCK_CAPTURE_AUTORELEASING = YES;
				CLANG_WARN_BOOL_CONVERSION = YES;
				CLANG_WARN_COMMA = YES;
				CLANG_WARN_CONSTANT_CONVERSION = YES;
				CLANG_WARN_DEPRECATED_OBJC_IMPLEMENTATIONS = YES;
				CLANG_WARN_DIRECT_OBJC_ISA_USAGE = YES_ERROR;
				CLANG_WARN_DOCUMENTATION_COMMENTS = YES;
				CLANG_WARN_EMPTY_BODY = YES;
				CLANG_WARN_ENUM_CONVERSION = YES;
				CLANG_WARN_INFINITE_RECURSION = YES;
				CLANG_WARN_INT_CONVERSION = YES;
				CLANG_WARN_NON_LITERAL_NULL_CONVERSION = YES;
				CLANG_WARN_OBJC_IMPLICIT_RETAIN_SELF = YES;
				CLANG_WARN_OBJC_LITERAL_CONVERSION = YES;
				CLANG_WARN_OBJC_ROOT_CLASS = YES_ERROR;
				CLANG_WARN_QUOTED_INCLUDE_IN_FRAMEWORK_HEADER = YES;
				CLANG_WARN_RANGE_LOOP_ANALYSIS = YES;
				CLANG_WARN_STRICT_PROTOTYPES = YES;
				CLANG_WARN_SUSPICIOUS_MOVE = YES;
				CLANG_WARN_UNGUARDED_AVAILABILITY = YES_AGGRESSIVE;
				CLANG_WARN_UNREACHABLE_CODE = YES;
				CLANG_WARN__DUPLICATE_METHOD_MATCH = YES;
				COPY_PHASE_STRIP = NO;
				DEBUG_INFORMATION_FORMAT = "dwarf-with-dsym";
				ENABLE_NS_ASSERTIONS = NO;
				ENABLE_STRICT_OBJC_MSGSEND = YES;
				ENABLE_USER_SCRIPT_SANDBOXING = YES;
				GCC_C_LANGUAGE_STANDARD = gnu17;
				GCC_NO_COMMON_BLOCKS = YES;
				GCC_WARN_64_TO_32_BIT_CONVERSION = YES;
				GCC_WARN_ABOUT_RETURN_TYPE = YES_ERROR;
				GCC_WARN_UNDECLARED_SELECTOR = YES;
				GCC_WARN_UNINITIALIZED_AUTOS = YES_AGGRESSIVE;
				GCC_WARN_UNUSED_FUNCTION = YES;
				GCC_WARN_UNUSED_VARIABLE = YES;
				IPHONEOS_DEPLOYMENT_TARGET = 17.4;
				LOCALIZATION_PREFERS_STRING_CATALOGS = YES;
				MTL_ENABLE_DEBUG_INFO = NO;
				MTL_FAST_MATH = YES;
				SDKROOT = iphoneos;
				SWIFT_COMPILATION_MODE = wholemodule;
				VALIDATE_PRODUCT = YES;
			};
			name = Release;
		};
		A6C9D3FC2BCAD81C0047DFE3 /* Debug */ = {
			isa = XCBuildConfiguration;
			buildSettings = {
				ASSETCATALOG_COMPILER_APPICON_NAME = AppIcon;
				ASSETCATALOG_COMPILER_GLOBAL_ACCENT_COLOR_NAME = AccentColor;
				CODE_SIGN_STYLE = Automatic;
				CURRENT_PROJECT_VERSION = 1;
				GENERATE_INFOPLIST_FILE = YES;
				INFOPLIST_FILE = Pokemon/Info.plist;
				INFOPLIST_KEY_UIApplicationSupportsIndirectInputEvents = YES;
				INFOPLIST_KEY_UILaunchStoryboardName = LaunchScreen;
				INFOPLIST_KEY_UIMainStoryboardFile = Main;
				INFOPLIST_KEY_UISupportedInterfaceOrientations_iPad = "UIInterfaceOrientationPortrait UIInterfaceOrientationPortraitUpsideDown UIInterfaceOrientationLandscapeLeft UIInterfaceOrientationLandscapeRight";
				INFOPLIST_KEY_UISupportedInterfaceOrientations_iPhone = "UIInterfaceOrientationPortrait UIInterfaceOrientationLandscapeLeft UIInterfaceOrientationLandscapeRight";
				LD_RUNPATH_SEARCH_PATHS = (
					"$(inherited)",
					"@executable_path/Frameworks",
				);
				MARKETING_VERSION = 1.0;
				PRODUCT_BUNDLE_IDENTIFIER = com.aditi.sampleapp.Pokemon;
				PRODUCT_NAME = "$(TARGET_NAME)";
				SWIFT_EMIT_LOC_STRINGS = YES;
				SWIFT_VERSION = 5.0;
				TARGETED_DEVICE_FAMILY = "1,2";
			};
			name = Debug;
		};
		A6C9D3FD2BCAD81C0047DFE3 /* Release */ = {
			isa = XCBuildConfiguration;
			buildSettings = {
				ASSETCATALOG_COMPILER_APPICON_NAME = AppIcon;
				ASSETCATALOG_COMPILER_GLOBAL_ACCENT_COLOR_NAME = AccentColor;
				CODE_SIGN_STYLE = Automatic;
				CURRENT_PROJECT_VERSION = 1;
				GENERATE_INFOPLIST_FILE = YES;
				INFOPLIST_FILE = Pokemon/Info.plist;
				INFOPLIST_KEY_UIApplicationSupportsIndirectInputEvents = YES;
				INFOPLIST_KEY_UILaunchStoryboardName = LaunchScreen;
				INFOPLIST_KEY_UIMainStoryboardFile = Main;
				INFOPLIST_KEY_UISupportedInterfaceOrientations_iPad = "UIInterfaceOrientationPortrait UIInterfaceOrientationPortraitUpsideDown UIInterfaceOrientationLandscapeLeft UIInterfaceOrientationLandscapeRight";
				INFOPLIST_KEY_UISupportedInterfaceOrientations_iPhone = "UIInterfaceOrientationPortrait UIInterfaceOrientationLandscapeLeft UIInterfaceOrientationLandscapeRight";
				LD_RUNPATH_SEARCH_PATHS = (
					"$(inherited)",
					"@executable_path/Frameworks",
				);
				MARKETING_VERSION = 1.0;
				PRODUCT_BUNDLE_IDENTIFIER = com.aditi.sampleapp.Pokemon;
				PRODUCT_NAME = "$(TARGET_NAME)";
				SWIFT_EMIT_LOC_STRINGS = YES;
				SWIFT_VERSION = 5.0;
				TARGETED_DEVICE_FAMILY = "1,2";
			};
			name = Release;
		};
		A6C9D3FF2BCAD81C0047DFE3 /* Debug */ = {
			isa = XCBuildConfiguration;
			buildSettings = {
				ALWAYS_EMBED_SWIFT_STANDARD_LIBRARIES = YES;
				BUNDLE_LOADER = "$(TEST_HOST)";
				CODE_SIGN_STYLE = Automatic;
				CURRENT_PROJECT_VERSION = 1;
				GENERATE_INFOPLIST_FILE = YES;
				IPHONEOS_DEPLOYMENT_TARGET = 17.4;
				MARKETING_VERSION = 1.0;
				PRODUCT_BUNDLE_IDENTIFIER = com.aditi.sampleapp.PokemonTests;
				PRODUCT_NAME = "$(TARGET_NAME)";
				SWIFT_EMIT_LOC_STRINGS = NO;
				SWIFT_VERSION = 5.0;
				TARGETED_DEVICE_FAMILY = "1,2";
				TEST_HOST = "$(BUILT_PRODUCTS_DIR)/Pokemon.app/$(BUNDLE_EXECUTABLE_FOLDER_PATH)/Pokemon";
			};
			name = Debug;
		};
		A6C9D4002BCAD81C0047DFE3 /* Release */ = {
			isa = XCBuildConfiguration;
			buildSettings = {
				ALWAYS_EMBED_SWIFT_STANDARD_LIBRARIES = YES;
				BUNDLE_LOADER = "$(TEST_HOST)";
				CODE_SIGN_STYLE = Automatic;
				CURRENT_PROJECT_VERSION = 1;
				GENERATE_INFOPLIST_FILE = YES;
				IPHONEOS_DEPLOYMENT_TARGET = 17.4;
				MARKETING_VERSION = 1.0;
				PRODUCT_BUNDLE_IDENTIFIER = com.aditi.sampleapp.PokemonTests;
				PRODUCT_NAME = "$(TARGET_NAME)";
				SWIFT_EMIT_LOC_STRINGS = NO;
				SWIFT_VERSION = 5.0;
				TARGETED_DEVICE_FAMILY = "1,2";
				TEST_HOST = "$(BUILT_PRODUCTS_DIR)/Pokemon.app/$(BUNDLE_EXECUTABLE_FOLDER_PATH)/Pokemon";
			};
			name = Release;
		};
		A6C9D4022BCAD81C0047DFE3 /* Debug */ = {
			isa = XCBuildConfiguration;
			buildSettings = {
				ALWAYS_EMBED_SWIFT_STANDARD_LIBRARIES = YES;
				CODE_SIGN_STYLE = Automatic;
				CURRENT_PROJECT_VERSION = 1;
				GENERATE_INFOPLIST_FILE = YES;
				MARKETING_VERSION = 1.0;
				PRODUCT_BUNDLE_IDENTIFIER = com.aditi.sampleapp.PokemonUITests;
				PRODUCT_NAME = "$(TARGET_NAME)";
				SWIFT_EMIT_LOC_STRINGS = NO;
				SWIFT_VERSION = 5.0;
				TARGETED_DEVICE_FAMILY = "1,2";
				TEST_TARGET_NAME = Pokemon;
			};
			name = Debug;
		};
		A6C9D4032BCAD81C0047DFE3 /* Release */ = {
			isa = XCBuildConfiguration;
			buildSettings = {
				ALWAYS_EMBED_SWIFT_STANDARD_LIBRARIES = YES;
				CODE_SIGN_STYLE = Automatic;
				CURRENT_PROJECT_VERSION = 1;
				GENERATE_INFOPLIST_FILE = YES;
				MARKETING_VERSION = 1.0;
				PRODUCT_BUNDLE_IDENTIFIER = com.aditi.sampleapp.PokemonUITests;
				PRODUCT_NAME = "$(TARGET_NAME)";
				SWIFT_EMIT_LOC_STRINGS = NO;
				SWIFT_VERSION = 5.0;
				TARGETED_DEVICE_FAMILY = "1,2";
				TEST_TARGET_NAME = Pokemon;
			};
			name = Release;
		};
/* End XCBuildConfiguration section */

/* Begin XCConfigurationList section */
		A6C9D3CC2BCAD81B0047DFE3 /* Build configuration list for PBXProject "Pokemon" */ = {
			isa = XCConfigurationList;
			buildConfigurations = (
				A6C9D3F92BCAD81C0047DFE3 /* Debug */,
				A6C9D3FA2BCAD81C0047DFE3 /* Release */,
			);
			defaultConfigurationIsVisible = 0;
			defaultConfigurationName = Release;
		};
		A6C9D3FB2BCAD81C0047DFE3 /* Build configuration list for PBXNativeTarget "Pokemon" */ = {
			isa = XCConfigurationList;
			buildConfigurations = (
				A6C9D3FC2BCAD81C0047DFE3 /* Debug */,
				A6C9D3FD2BCAD81C0047DFE3 /* Release */,
			);
			defaultConfigurationIsVisible = 0;
			defaultConfigurationName = Release;
		};
		A6C9D3FE2BCAD81C0047DFE3 /* Build configuration list for PBXNativeTarget "PokemonTests" */ = {
			isa = XCConfigurationList;
			buildConfigurations = (
				A6C9D3FF2BCAD81C0047DFE3 /* Debug */,
				A6C9D4002BCAD81C0047DFE3 /* Release */,
			);
			defaultConfigurationIsVisible = 0;
			defaultConfigurationName = Release;
		};
		A6C9D4012BCAD81C0047DFE3 /* Build configuration list for PBXNativeTarget "PokemonUITests" */ = {
			isa = XCConfigurationList;
			buildConfigurations = (
				A6C9D4022BCAD81C0047DFE3 /* Debug */,
				A6C9D4032BCAD81C0047DFE3 /* Release */,
			);
			defaultConfigurationIsVisible = 0;
			defaultConfigurationName = Release;
		};
/* End XCConfigurationList section */
	};
	rootObject = A6C9D3C92BCAD81B0047DFE3 /* Project object */;
}
